Microsoft Visual Studio Solution File, Format Version 12.00
# Visual Studio 15
VisualStudioVersion = 15.0.27004.2005
MinimumVisualStudioVersion = 15.0.26124.0
Project("{9A19103F-16F7-4668-BE54-9A1E7A4F7556}") = "CsvWorker", "CsvWorker\CsvWorker.csproj", "{031E6C61-D5BD-4BFA-B223-B07B1530B5E9}"
EndProject
Global
	GlobalSection(SolutionConfigurationPlatforms) = preSolution
		Debug|Any CPU = Debug|Any CPU
		Debug|x64 = Debug|x64
		Debug|x86 = Debug|x86
		Release|Any CPU = Release|Any CPU
		Release|x64 = Release|x64
		Release|x86 = Release|x86
	EndGlobalSection
	GlobalSection(ProjectConfigurationPlatforms) = postSolution
		{031E6C61-D5BD-4BFA-B223-B07B1530B5E9}.Debug|Any CPU.ActiveCfg = Debug|Any CPU
		{031E6C61-D5BD-4BFA-B223-B07B1530B5E9}.Debug|Any CPU.Build.0 = Debug|Any CPU
		{031E6C61-D5BD-4BFA-B223-B07B1530B5E9}.Debug|x64.ActiveCfg = Debug|Any CPU
		{031E6C61-D5BD-4BFA-B223-B07B1530B5E9}.Debug|x64.Build.0 = Debug|Any CPU
		{031E6C61-D5BD-4BFA-B223-B07B1530B5E9}.Debug|x86.ActiveCfg = Debug|Any CPU
		{031E6C61-D5BD-4BFA-B223-B07B1530B5E9}.Debug|x86.Build.0 = Debug|Any CPU
		{031E6C61-D5BD-4BFA-B223-B07B1530B5E9}.Release|Any CPU.ActiveCfg = Release|Any CPU
		{031E6C61-D5BD-4BFA-B223-B07B1530B5E9}.Release|Any CPU.Build.0 = Release|Any CPU
		{031E6C61-D5BD-4BFA-B223-B07B1530B5E9}.Release|x64.ActiveCfg = Release|Any CPU
		{031E6C61-D5BD-4BFA-B223-B07B1530B5E9}.Release|x64.Build.0 = Release|Any CPU
		{031E6C61-D5BD-4BFA-B223-B07B1530B5E9}.Release|x86.ActiveCfg = Release|Any CPU
		{031E6C61-D5BD-4BFA-B223-B07B1530B5E9}.Release|x86.Build.0 = Release|Any CPU
	EndGlobalSection
	GlobalSection(SolutionProperties) = preSolution
		HideSolutionNode = FALSE
	EndGlobalSection
	GlobalSection(ExtensibilityGlobals) = postSolution
		SolutionGuid = {2267F7CD-1071-4FAB-A8CF-C2B6B1D1FF72}
	EndGlobalSection
EndGlobal
